
Microsoft Visual Studio Solution File, Format Version 12.00
# Visual Studio 14
VisualStudioVersion = 14.0.25420.1
MinimumVisualStudioVersion = 10.0.40219.1
Project("{FAE04EC0-301F-11D3-BF4B-00C04F79EFBC}") = "ConsoleApplication9", "ConsoleApplication9\ConsoleApplication9.csproj", "{243BCEFF-2BDC-4F8B-9029-2723D02ABDA9}"
EndProject
Project("{FAE04EC0-301F-11D3-BF4B-00C04F79EFBC}") = "CryptoPro", "CryptoPro\CryptoPro.csproj", "{BB678C5E-97BA-4CDE-8553-FC16BBDE004A}"
EndProject
Global
	GlobalSection(SolutionConfigurationPlatforms) = preSolution
		Debug|Any CPU = Debug|Any CPU
		Release|Any CPU = Release|Any CPU
	EndGlobalSection
	GlobalSection(ProjectConfigurationPlatforms) = postSolution
		{243BCEFF-2BDC-4F8B-9029-2723D02ABDA9}.Debug|Any CPU.ActiveCfg = Debug|Any CPU
		{243BCEFF-2BDC-4F8B-9029-2723D02ABDA9}.Debug|Any CPU.Build.0 = Debug|Any CPU
		{243BCEFF-2BDC-4F8B-9029-2723D02ABDA9}.Release|Any CPU.ActiveCfg = Release|Any CPU
		{243BCEFF-2BDC-4F8B-9029-2723D02ABDA9}.Release|Any CPU.Build.0 = Release|Any CPU
		{BB678C5E-97BA-4CDE-8553-FC16BBDE004A}.Debug|Any CPU.ActiveCfg = Debug|Any CPU
		{BB678C5E-97BA-4CDE-8553-FC16BBDE004A}.Debug|Any CPU.Build.0 = Debug|Any CPU
		{BB678C5E-97BA-4CDE-8553-FC16BBDE004A}.Release|Any CPU.ActiveCfg = Release|Any CPU
		{BB678C5E-97BA-4CDE-8553-FC16BBDE004A}.Release|Any CPU.Build.0 = Release|Any CPU
	EndGlobalSection
	GlobalSection(SolutionProperties) = preSolution
		HideSolutionNode = FALSE
	EndGlobalSection
EndGlobal
